
Microsoft Visual Studio Solution File, Format Version 12.00
# Visual Studio 15
VisualStudioVersion = 15.0.27703.2026
MinimumVisualStudioVersion = 10.0.40219.1
Project("{FAE04EC0-301F-11D3-BF4B-00C04F79EFBC}") = "BSc_Thesis", "BSc_Thesis\BSc_Thesis.csproj", "{0A504B41-F12C-4A8C-8D0C-02336461B375}"
EndProject
Global
	GlobalSection(SolutionConfigurationPlatforms) = preSolution
		Debug|Any CPU = Debug|Any CPU
		Release|Any CPU = Release|Any CPU
	EndGlobalSection
	GlobalSection(ProjectConfigurationPlatforms) = postSolution
		{0A504B41-F12C-4A8C-8D0C-02336461B375}.Debug|Any CPU.ActiveCfg = Debug|Any CPU
		{0A504B41-F12C-4A8C-8D0C-02336461B375}.Debug|Any CPU.Build.0 = Debug|Any CPU
		{0A504B41-F12C-4A8C-8D0C-02336461B375}.Release|Any CPU.ActiveCfg = Release|Any CPU
		{0A504B41-F12C-4A8C-8D0C-02336461B375}.Release|Any CPU.Build.0 = Release|Any CPU
	EndGlobalSection
	GlobalSection(SolutionProperties) = preSolution
		HideSolutionNode = FALSE
	EndGlobalSection
	GlobalSection(ExtensibilityGlobals) = postSolution
		SolutionGuid = {06A628AC-9359-438C-A575-24DAEBF21B2F}
	EndGlobalSection
EndGlobal
