
Microsoft Visual Studio Solution File, Format Version 12.00
# Visual Studio 15
VisualStudioVersion = 15.0.28307.168
MinimumVisualStudioVersion = 10.0.40219.1
Project("{FAE04EC0-301F-11D3-BF4B-00C04F79EFBC}") = "NAudioDemo", "NAudioDemo.csproj", "{C37A547B-F31E-45FB-870A-CFA704D06152}"
EndProject
Global
	GlobalSection(SolutionConfigurationPlatforms) = preSolution
		Debug|Any CPU = Debug|Any CPU
		Release|Any CPU = Release|Any CPU
	EndGlobalSection
	GlobalSection(ProjectConfigurationPlatforms) = postSolution
		{C37A547B-F31E-45FB-870A-CFA704D06152}.Debug|Any CPU.ActiveCfg = Debug|Any CPU
		{C37A547B-F31E-45FB-870A-CFA704D06152}.Debug|Any CPU.Build.0 = Debug|Any CPU
		{C37A547B-F31E-45FB-870A-CFA704D06152}.Release|Any CPU.ActiveCfg = Release|Any CPU
		{C37A547B-F31E-45FB-870A-CFA704D06152}.Release|Any CPU.Build.0 = Release|Any CPU
	EndGlobalSection
	GlobalSection(SolutionProperties) = preSolution
		HideSolutionNode = FALSE
	EndGlobalSection
	GlobalSection(ExtensibilityGlobals) = postSolution
		SolutionGuid = {B3E7ADA2-580D-4E02-9616-9AB8B725C587}
	EndGlobalSection
EndGlobal
